
Microsoft Visual Studio Solution File, Format Version 12.00
# Visual Studio Version 17
VisualStudioVersion = 17.3.32811.315
MinimumVisualStudioVersion = 10.0.40219.1
Project("{FAE04EC0-301F-11D3-BF4B-00C04F79EFBC}") = "StableDiffusion", "StableDiffusion\StableDiffusion.csproj", "{76A913F9-B863-4970-B0EC-B00A9739F8D3}"
EndProject
Global
	GlobalSection(SolutionConfigurationPlatforms) = preSolution
		Debug|Any CPU = Debug|Any CPU
		Release|Any CPU = Release|Any CPU
	EndGlobalSection
	GlobalSection(ProjectConfigurationPlatforms) = postSolution
		{76A913F9-B863-4970-B0EC-B00A9739F8D3}.Debug|Any CPU.ActiveCfg = Debug|Any CPU
		{76A913F9-B863-4970-B0EC-B00A9739F8D3}.Debug|Any CPU.Build.0 = Debug|Any CPU
		{76A913F9-B863-4970-B0EC-B00A9739F8D3}.Release|Any CPU.ActiveCfg = Release|Any CPU
		{76A913F9-B863-4970-B0EC-B00A9739F8D3}.Release|Any CPU.Build.0 = Release|Any CPU
	EndGlobalSection
	GlobalSection(SolutionProperties) = preSolution
		HideSolutionNode = FALSE
	EndGlobalSection
	GlobalSection(ExtensibilityGlobals) = postSolution
		SolutionGuid = {52339D00-0983-419E-A427-7E7E1CC6CEBD}
	EndGlobalSection
EndGlobal
